// !$*UTF8*$!
{
	archiveVersion = 1;
	classes = {
	};
	objectVersion = 56;
	objects = {

/* Begin PBXBuildFile section */
		226626D02B8C272A00869B65 /* AppDelegate.swift in Sources */ = {isa = PBXBuildFile; fileRef = 226626CF2B8C272A00869B65 /* AppDelegate.swift */; };
		226626D22B8C272A00869B65 /* SceneDelegate.swift in Sources */ = {isa = PBXBuildFile; fileRef = 226626D12B8C272A00869B65 /* SceneDelegate.swift */; };
		226626D42B8C272A00869B65 /* ViewController.swift in Sources */ = {isa = PBXBuildFile; fileRef = 226626D32B8C272A00869B65 /* ViewController.swift */; };
		226626D72B8C272A00869B65 /* Main.storyboard in Resources */ = {isa = PBXBuildFile; fileRef = 226626D52B8C272A00869B65 /* Main.storyboard */; };
		226626D92B8C272B00869B65 /* Assets.xcassets in Resources */ = {isa = PBXBuildFile; fileRef = 226626D82B8C272B00869B65 /* Assets.xcassets */; };
		226626DC2B8C272B00869B65 /* LaunchScreen.storyboard in Resources */ = {isa = PBXBuildFile; fileRef = 226626DA2B8C272B00869B65 /* LaunchScreen.storyboard */; };
		226626E72B8C272B00869B65 /* miniAppTabitaSTests.swift in Sources */ = {isa = PBXBuildFile; fileRef = 226626E62B8C272B00869B65 /* miniAppTabitaSTests.swift */; };
		226626F12B8C272B00869B65 /* miniAppTabitaSUITests.swift in Sources */ = {isa = PBXBuildFile; fileRef = 226626F02B8C272B00869B65 /* miniAppTabitaSUITests.swift */; };
		226626F32B8C272B00869B65 /* miniAppTabitaSUITestsLaunchTests.swift in Sources */ = {isa = PBXBuildFile; fileRef = 226626F22B8C272B00869B65 /* miniAppTabitaSUITestsLaunchTests.swift */; };
/* End PBXBuildFile section */

/* Begin PBXContainerItemProxy section */
		226626E32B8C272B00869B65 /* PBXContainerItemProxy */ = {
			isa = PBXContainerItemProxy;
			containerPortal = 226626C42B8C272A00869B65 /* Project object */;
			proxyType = 1;
			remoteGlobalIDString = 226626CB2B8C272A00869B65;
			remoteInfo = miniAppTabitaS;
		};
		226626ED2B8C272B00869B65 /* PBXContainerItemProxy */ = {
			isa = PBXContainerItemProxy;
			containerPortal = 226626C42B8C272A00869B65 /* Project object */;
			proxyType = 1;
			remoteGlobalIDString = 226626CB2B8C272A00869B65;
			remoteInfo = miniAppTabitaS;
		};
/* End PBXContainerItemProxy section */

/* Begin PBXFileReference section */
		226626CC2B8C272A00869B65 /* miniAppTabitaS.app */ = {isa = PBXFileReference; explicitFileType = wrapper.application; includeInIndex = 0; path = miniAppTabitaS.app; sourceTree = BUILT_PRODUCTS_DIR; };
		226626CF2B8C272A00869B65 /* AppDelegate.swift */ = {isa = PBXFileReference; lastKnownFileType = sourcecode.swift; path = AppDelegate.swift; sourceTree = "<group>"; };
		226626D12B8C272A00869B65 /* SceneDelegate.swift */ = {isa = PBXFileReference; lastKnownFileType = sourcecode.swift; path = SceneDelegate.swift; sourceTree = "<group>"; };
		226626D32B8C272A00869B65 /* ViewController.swift */ = {isa = PBXFileReference; lastKnownFileType = sourcecode.swift; path = ViewController.swift; sourceTree = "<group>"; };
		226626D62B8C272A00869B65 /* Base */ = {isa = PBXFileReference; lastKnownFileType = file.storyboard; name = Base; path = Base.lproj/Main.storyboard; sourceTree = "<group>"; };
		226626D82B8C272B00869B65 /* Assets.xcassets */ = {isa = PBXFileReference; lastKnownFileType = folder.assetcatalog; path = Assets.xcassets; sourceTree = "<group>"; };
		226626DB2B8C272B00869B65 /* Base */ = {isa = PBXFileReference; lastKnownFileType = file.storyboard; name = Base; path = Base.lproj/LaunchScreen.storyboard; sourceTree = "<group>"; };
		226626DD2B8C272B00869B65 /* Info.plist */ = {isa = PBXFileReference; lastKnownFileType = text.plist.xml; path = Info.plist; sourceTree = "<group>"; };
		226626E22B8C272B00869B65 /* miniAppTabitaSTests.xctest */ = {isa = PBXFileReference; explicitFileType = wrapper.cfbundle; includeInIndex = 0; path = miniAppTabitaSTests.xctest; sourceTree = BUILT_PRODUCTS_DIR; };
		226626E62B8C272B00869B65 /* miniAppTabitaSTests.swift */ = {isa = PBXFileReference; lastKnownFileType = sourcecode.swift; path = miniAppTabitaSTests.swift; sourceTree = "<group>"; };
		226626EC2B8C272B00869B65 /* miniAppTabitaSUITests.xctest */ = {isa = PBXFileReference; explicitFileType = wrapper.cfbundle; includeInIndex = 0; path = miniAppTabitaSUITests.xctest; sourceTree = BUILT_PRODUCTS_DIR; };
		226626F02B8C272B00869B65 /* miniAppTabitaSUITests.swift */ = {isa = PBXFileReference; lastKnownFileType = sourcecode.swift; path = miniAppTabitaSUITests.swift; sourceTree = "<group>"; };
		226626F22B8C272B00869B65 /* miniAppTabitaSUITestsLaunchTests.swift */ = {isa = PBXFileReference; lastKnownFileType = sourcecode.swift; path = miniAppTabitaSUITestsLaunchTests.swift; sourceTree = "<group>"; };
/* End PBXFileReference section */

/* Begin PBXFrameworksBuildPhase section */
		226626C92B8C272A00869B65 /* Frameworks */ = {
			isa = PBXFrameworksBuildPhase;
			buildActionMask = 2147483647;
			files = (
			);
			runOnlyForDeploymentPostprocessing = 0;
		};
		226626DF2B8C272B00869B65 /* Frameworks */ = {
			isa = PBXFrameworksBuildPhase;
			buildActionMask = 2147483647;
			files = (
			);
			runOnlyForDeploymentPostprocessing = 0;
		};
		226626E92B8C272B00869B65 /* Frameworks */ = {
			isa = PBXFrameworksBuildPhase;
			buildActionMask = 2147483647;
			files = (
			);
			runOnlyForDeploymentPostprocessing = 0;
		};
/* End PBXFrameworksBuildPhase section */

/* Begin PBXGroup section */
		226626C32B8C272A00869B65 = {
			isa = PBXGroup;
			children = (
				226626CE2B8C272A00869B65 /* miniAppTabitaS */,
				226626E52B8C272B00869B65 /* miniAppTabitaSTests */,
				226626EF2B8C272B00869B65 /* miniAppTabitaSUITests */,
				226626CD2B8C272A00869B65 /* Products */,
			);
			sourceTree = "<group>";
		};
		226626CD2B8C272A00869B65 /* Products */ = {
			isa = PBXGroup;
			children = (
				226626CC2B8C272A00869B65 /* miniAppTabitaS.app */,
				226626E22B8C272B00869B65 /* miniAppTabitaSTests.xctest */,
				226626EC2B8C272B00869B65 /* miniAppTabitaSUITests.xctest */,
			);
			name = Products;
			sourceTree = "<group>";
		};
		226626CE2B8C272A00869B65 /* miniAppTabitaS */ = {
			isa = PBXGroup;
			children = (
				226626CF2B8C272A00869B65 /* AppDelegate.swift */,
				226626D12B8C272A00869B65 /* SceneDelegate.swift */,
				226626D32B8C272A00869B65 /* ViewController.swift */,
				226626D52B8C272A00869B65 /* Main.storyboard */,
				226626D82B8C272B00869B65 /* Assets.xcassets */,
				226626DA2B8C272B00869B65 /* LaunchScreen.storyboard */,
				226626DD2B8C272B00869B65 /* Info.plist */,
			);
			path = miniAppTabitaS;
			sourceTree = "<group>";
		};
		226626E52B8C272B00869B65 /* miniAppTabitaSTests */ = {
			isa = PBXGroup;
			children = (
				226626E62B8C272B00869B65 /* miniAppTabitaSTests.swift */,
			);
			path = miniAppTabitaSTests;
			sourceTree = "<group>";
		};
		226626EF2B8C272B00869B65 /* miniAppTabitaSUITests */ = {
			isa = PBXGroup;
			children = (
				226626F02B8C272B00869B65 /* miniAppTabitaSUITests.swift */,
				226626F22B8C272B00869B65 /* miniAppTabitaSUITestsLaunchTests.swift */,
			);
			path = miniAppTabitaSUITests;
			sourceTree = "<group>";
		};
/* End PBXGroup section */

/* Begin PBXNativeTarget section */
		226626CB2B8C272A00869B65 /* miniAppTabitaS */ = {
			isa = PBXNativeTarget;
			buildConfigurationList = 226626F62B8C272B00869B65 /* Build configuration list for PBXNativeTarget "miniAppTabitaS" */;
			buildPhases = (
				226626C82B8C272A00869B65 /* Sources */,
				226626C92B8C272A00869B65 /* Frameworks */,
				226626CA2B8C272A00869B65 /* Resources */,
			);
			buildRules = (
			);
			dependencies = (
			);
			name = miniAppTabitaS;
			productName = miniAppTabitaS;
			productReference = 226626CC2B8C272A00869B65 /* miniAppTabitaS.app */;
			productType = "com.apple.product-type.application";
		};
		226626E12B8C272B00869B65 /* miniAppTabitaSTests */ = {
			isa = PBXNativeTarget;
			buildConfigurationList = 226626F92B8C272B00869B65 /* Build configuration list for PBXNativeTarget "miniAppTabitaSTests" */;
			buildPhases = (
				226626DE2B8C272B00869B65 /* Sources */,
				226626DF2B8C272B00869B65 /* Frameworks */,
				226626E02B8C272B00869B65 /* Resources */,
			);
			buildRules = (
			);
			dependencies = (
				226626E42B8C272B00869B65 /* PBXTargetDependency */,
			);
			name = miniAppTabitaSTests;
			productName = miniAppTabitaSTests;
			productReference = 226626E22B8C272B00869B65 /* miniAppTabitaSTests.xctest */;
			productType = "com.apple.product-type.bundle.unit-test";
		};
		226626EB2B8C272B00869B65 /* miniAppTabitaSUITests */ = {
			isa = PBXNativeTarget;
			buildConfigurationList = 226626FC2B8C272B00869B65 /* Build configuration list for PBXNativeTarget "miniAppTabitaSUITests" */;
			buildPhases = (
				226626E82B8C272B00869B65 /* Sources */,
				226626E92B8C272B00869B65 /* Frameworks */,
				226626EA2B8C272B00869B65 /* Resources */,
			);
			buildRules = (
			);
			dependencies = (
				226626EE2B8C272B00869B65 /* PBXTargetDependency */,
			);
			name = miniAppTabitaSUITests;
			productName = miniAppTabitaSUITests;
			productReference = 226626EC2B8C272B00869B65 /* miniAppTabitaSUITests.xctest */;
			productType = "com.apple.product-type.bundle.ui-testing";
		};
/* End PBXNativeTarget section */

/* Begin PBXProject section */
		226626C42B8C272A00869B65 /* Project object */ = {
			isa = PBXProject;
			attributes = {
				BuildIndependentTargetsInParallel = 1;
				LastSwiftUpdateCheck = 1520;
				LastUpgradeCheck = 1520;
				TargetAttributes = {
					226626CB2B8C272A00869B65 = {
						CreatedOnToolsVersion = 15.2;
					};
					226626E12B8C272B00869B65 = {
						CreatedOnToolsVersion = 15.2;
						TestTargetID = 226626CB2B8C272A00869B65;
					};
					226626EB2B8C272B00869B65 = {
						CreatedOnToolsVersion = 15.2;
						TestTargetID = 226626CB2B8C272A00869B65;
					};
				};
			};
			buildConfigurationList = 226626C72B8C272A00869B65 /* Build configuration list for PBXProject "miniAppTabitaS" */;
			compatibilityVersion = "Xcode 14.0";
			developmentRegion = en;
			hasScannedForEncodings = 0;
			knownRegions = (
				en,
				Base,
			);
			mainGroup = 226626C32B8C272A00869B65;
			productRefGroup = 226626CD2B8C272A00869B65 /* Products */;
			projectDirPath = "";
			projectRoot = "";
			targets = (
				226626CB2B8C272A00869B65 /* miniAppTabitaS */,
				226626E12B8C272B00869B65 /* miniAppTabitaSTests */,
				226626EB2B8C272B00869B65 /* miniAppTabitaSUITests */,
			);
		};
/* End PBXProject section */

/* Begin PBXResourcesBuildPhase section */
		226626CA2B8C272A00869B65 /* Resources */ = {
			isa = PBXResourcesBuildPhase;
			buildActionMask = 2147483647;
			files = (
				226626DC2B8C272B00869B65 /* LaunchScreen.storyboard in Resources */,
				226626D92B8C272B00869B65 /* Assets.xcassets in Resources */,
				226626D72B8C272A00869B65 /* Main.storyboard in Resources */,
			);
			runOnlyForDeploymentPostprocessing = 0;
		};
		226626E02B8C272B00869B65 /* Resources */ = {
			isa = PBXResourcesBuildPhase;
			buildActionMask = 2147483647;
			files = (
			);
			runOnlyForDeploymentPostprocessing = 0;
		};
		226626EA2B8C272B00869B65 /* Resources */ = {
			isa = PBXResourcesBuildPhase;
			buildActionMask = 2147483647;
			files = (
			);
			runOnlyForDeploymentPostprocessing = 0;
		};
/* End PBXResourcesBuildPhase section */

/* Begin PBXSourcesBuildPhase section */
		226626C82B8C272A00869B65 /* Sources */ = {
			isa = PBXSourcesBuildPhase;
			buildActionMask = 2147483647;
			files = (
				226626D42B8C272A00869B65 /* ViewController.swift in Sources */,
				226626D02B8C272A00869B65 /* AppDelegate.swift in Sources */,
				226626D22B8C272A00869B65 /* SceneDelegate.swift in Sources */,
			);
			runOnlyForDeploymentPostprocessing = 0;
		};
		226626DE2B8C272B00869B65 /* Sources */ = {
			isa = PBXSourcesBuildPhase;
			buildActionMask = 2147483647;
			files = (
				226626E72B8C272B00869B65 /* miniAppTabitaSTests.swift in Sources */,
			);
			runOnlyForDeploymentPostprocessing = 0;
		};
		226626E82B8C272B00869B65 /* Sources */ = {
			isa = PBXSourcesBuildPhase;
			buildActionMask = 2147483647;
			files = (
				226626F32B8C272B00869B65 /* miniAppTabitaSUITestsLaunchTests.swift in Sources */,
				226626F12B8C272B00869B65 /* miniAppTabitaSUITests.swift in Sources */,
			);
			runOnlyForDeploymentPostprocessing = 0;
		};
/* End PBXSourcesBuildPhase section */

/* Begin PBXTargetDependency section */
		226626E42B8C272B00869B65 /* PBXTargetDependency */ = {
			isa = PBXTargetDependency;
			target = 226626CB2B8C272A00869B65 /* miniAppTabitaS */;
			targetProxy = 226626E32B8C272B00869B65 /* PBXContainerItemProxy */;
		};
		226626EE2B8C272B00869B65 /* PBXTargetDependency */ = {
			isa = PBXTargetDependency;
			target = 226626CB2B8C272A00869B65 /* miniAppTabitaS */;
			targetProxy = 226626ED2B8C272B00869B65 /* PBXContainerItemProxy */;
		};
/* End PBXTargetDependency section */

/* Begin PBXVariantGroup section */
		226626D52B8C272A00869B65 /* Main.storyboard */ = {
			isa = PBXVariantGroup;
			children = (
				226626D62B8C272A00869B65 /* Base */,
			);
			name = Main.storyboard;
			sourceTree = "<group>";
		};
		226626DA2B8C272B00869B65 /* LaunchScreen.storyboard */ = {
			isa = PBXVariantGroup;
			children = (
				226626DB2B8C272B00869B65 /* Base */,
			);
			name = LaunchScreen.storyboard;
			sourceTree = "<group>";
		};
/* End PBXVariantGroup section */

/* Begin XCBuildConfiguration section */
		226626F42B8C272B00869B65 /* Debug */ = {
			isa = XCBuildConfiguration;
			buildSettings = {
				ALWAYS_SEARCH_USER_PATHS = NO;
				ASSETCATALOG_COMPILER_GENERATE_SWIFT_ASSET_SYMBOL_EXTENSIONS = YES;
				CLANG_ANALYZER_NONNULL = YES;
				CLANG_ANALYZER_NUMBER_OBJECT_CONVERSION = YES_AGGRESSIVE;
				CLANG_CXX_LANGUAGE_STANDARD = "gnu++20";
				CLANG_ENABLE_MODULES = YES;
				CLANG_ENABLE_OBJC_ARC = YES;
				CLANG_ENABLE_OBJC_WEAK = YES;
				CLANG_WARN_BLOCK_CAPTURE_AUTORELEASING = YES;
				CLANG_WARN_BOOL_CONVERSION = YES;
				CLANG_WARN_COMMA = YES;
				CLANG_WARN_CONSTANT_CONVERSION = YES;
				CLANG_WARN_DEPRECATED_OBJC_IMPLEMENTATIONS = YES;
				CLANG_WARN_DIRECT_OBJC_ISA_USAGE = YES_ERROR;
				CLANG_WARN_DOCUMENTATION_COMMENTS = YES;
				CLANG_WARN_EMPTY_BODY = YES;
				CLANG_WARN_ENUM_CONVERSION = YES;
				CLANG_WARN_INFINITE_RECURSION = YES;
				CLANG_WARN_INT_CONVERSION = YES;
				CLANG_WARN_NON_LITERAL_NULL_CONVERSION = YES;
				CLANG_WARN_OBJC_IMPLICIT_RETAIN_SELF = YES;
				CLANG_WARN_OBJC_LITERAL_CONVERSION = YES;
				CLANG_WARN_OBJC_ROOT_CLASS = YES_ERROR;
				CLANG_WARN_QUOTED_INCLUDE_IN_FRAMEWORK_HEADER = YES;
				CLANG_WARN_RANGE_LOOP_ANALYSIS = YES;
				CLANG_WARN_STRICT_PROTOTYPES = YES;
				CLANG_WARN_SUSPICIOUS_MOVE = YES;
				CLANG_WARN_UNGUARDED_AVAILABILITY = YES_AGGRESSIVE;
				CLANG_WARN_UNREACHABLE_CODE = YES;
				CLANG_WARN__DUPLICATE_METHOD_MATCH = YES;
				COPY_PHASE_STRIP = NO;
				DEBUG_INFORMATION_FORMAT = dwarf;
				ENABLE_STRICT_OBJC_MSGSEND = YES;
				ENABLE_TESTABILITY = YES;
				ENABLE_USER_SCRIPT_SANDBOXING = YES;
				GCC_C_LANGUAGE_STANDARD = gnu17;
				GCC_DYNAMIC_NO_PIC = NO;
				GCC_NO_COMMON_BLOCKS = YES;
				GCC_OPTIMIZATION_LEVEL = 0;
				GCC_PREPROCESSOR_DEFINITIONS = (
					"DEBUG=1",
					"$(inherited)",
				);
				GCC_WARN_64_TO_32_BIT_CONVERSION = YES;
				GCC_WARN_ABOUT_RETURN_TYPE = YES_ERROR;
				GCC_WARN_UNDECLARED_SELECTOR = YES;
				GCC_WARN_UNINITIALIZED_AUTOS = YES_AGGRESSIVE;
				GCC_WARN_UNUSED_FUNCTION = YES;
				GCC_WARN_UNUSED_VARIABLE = YES;
				IPHONEOS_DEPLOYMENT_TARGET = 17.2;
				LOCALIZATION_PREFERS_STRING_CATALOGS = YES;
				MTL_ENABLE_DEBUG_INFO = INCLUDE_SOURCE;
				MTL_FAST_MATH = YES;
				ONLY_ACTIVE_ARCH = YES;
				SDKROOT = iphoneos;
				SWIFT_ACTIVE_COMPILATION_CONDITIONS = "DEBUG $(inherited)";
				SWIFT_OPTIMIZATION_LEVEL = "-Onone";
			};
			name = Debug;
		};
		226626F52B8C272B00869B65 /* Release */ = {
			isa = XCBuildConfiguration;
			buildSettings = {
				ALWAYS_SEARCH_USER_PATHS = NO;
				ASSETCATALOG_COMPILER_GENERATE_SWIFT_ASSET_SYMBOL_EXTENSIONS = YES;
				CLANG_ANALYZER_NONNULL = YES;
				CLANG_ANALYZER_NUMBER_OBJECT_CONVERSION = YES_AGGRESSIVE;
				CLANG_CXX_LANGUAGE_STANDARD = "gnu++20";
				CLANG_ENABLE_MODULES = YES;
				CLANG_ENABLE_OBJC_ARC = YES;
				CLANG_ENABLE_OBJC_WEAK = YES;
				CLANG_WARN_BLOCK_CAPTURE_AUTORELEASING = YES;
				CLANG_WARN_BOOL_CONVERSION = YES;
				CLANG_WARN_COMMA = YES;
				CLANG_WARN_CONSTANT_CONVERSION = YES;
				CLANG_WARN_DEPRECATED_OBJC_IMPLEMENTATIONS = YES;
				CLANG_WARN_DIRECT_OBJC_ISA_USAGE = YES_ERROR;
				CLANG_WARN_DOCUMENTATION_COMMENTS = YES;
				CLANG_WARN_EMPTY_BODY = YES;
				CLANG_WARN_ENUM_CONVERSION = YES;
				CLANG_WARN_INFINITE_RECURSION = YES;
				CLANG_WARN_INT_CONVERSION = YES;
				CLANG_WARN_NON_LITERAL_NULL_CONVERSION = YES;
				CLANG_WARN_OBJC_IMPLICIT_RETAIN_SELF = YES;
				CLANG_WARN_OBJC_LITERAL_CONVERSION = YES;
				CLANG_WARN_OBJC_ROOT_CLASS = YES_ERROR;
				CLANG_WARN_QUOTED_INCLUDE_IN_FRAMEWORK_HEADER = YES;
				CLANG_WARN_RANGE_LOOP_ANALYSIS = YES;
				CLANG_WARN_STRICT_PROTOTYPES = YES;
				CLANG_WARN_SUSPICIOUS_MOVE = YES;
				CLANG_WARN_UNGUARDED_AVAILABILITY = YES_AGGRESSIVE;
				CLANG_WARN_UNREACHABLE_CODE = YES;
				CLANG_WARN__DUPLICATE_METHOD_MATCH = YES;
				COPY_PHASE_STRIP = NO;
				DEBUG_INFORMATION_FORMAT = "dwarf-with-dsym";
				ENABLE_NS_ASSERTIONS = NO;
				ENABLE_STRICT_OBJC_MSGSEND = YES;
				ENABLE_USER_SCRIPT_SANDBOXING = YES;
				GCC_C_LANGUAGE_STANDARD = gnu17;
				GCC_NO_COMMON_BLOCKS = YES;
				GCC_WARN_64_TO_32_BIT_CONVERSION = YES;
				GCC_WARN_ABOUT_RETURN_TYPE = YES_ERROR;
				GCC_WARN_UNDECLARED_SELECTOR = YES;
				GCC_WARN_UNINITIALIZED_AUTOS = YES_AGGRESSIVE;
				GCC_WARN_UNUSED_FUNCTION = YES;
				GCC_WARN_UNUSED_VARIABLE = YES;
				IPHONEOS_DEPLOYMENT_TARGET = 17.2;
				LOCALIZATION_PREFERS_STRING_CATALOGS = YES;
				MTL_ENABLE_DEBUG_INFO = NO;
				MTL_FAST_MATH = YES;
				SDKROOT = iphoneos;
				SWIFT_COMPILATION_MODE = wholemodule;
				VALIDATE_PRODUCT = YES;
			};
			name = Release;
		};
		226626F72B8C272B00869B65 /* Debug */ = {
			isa = XCBuildConfiguration;
			buildSettings = {
				ASSETCATALOG_COMPILER_APPICON_NAME = AppIcon;
				ASSETCATALOG_COMPILER_GLOBAL_ACCENT_COLOR_NAME = AccentColor;
				CODE_SIGN_STYLE = Automatic;
				CURRENT_PROJECT_VERSION = 1;
				DEVELOPMENT_TEAM = T44788J83Y;
				GENERATE_INFOPLIST_FILE = YES;
				INFOPLIST_FILE = miniAppTabitaS/Info.plist;
				INFOPLIST_KEY_UIApplicationSupportsIndirectInputEvents = YES;
				INFOPLIST_KEY_UILaunchStoryboardName = LaunchScreen;
				INFOPLIST_KEY_UIMainStoryboardFile = Main;
				INFOPLIST_KEY_UISupportedInterfaceOrientations_iPad = "UIInterfaceOrientationPortrait UIInterfaceOrientationPortraitUpsideDown UIInterfaceOrientationLandscapeLeft UIInterfaceOrientationLandscapeRight";
				INFOPLIST_KEY_UISupportedInterfaceOrientations_iPhone = "UIInterfaceOrientationPortrait UIInterfaceOrientationLandscapeLeft UIInterfaceOrientationLandscapeRight";
				LD_RUNPATH_SEARCH_PATHS = (
					"$(inherited)",
					"@executable_path/Frameworks",
				);
				MARKETING_VERSION = 1.0;
				PRODUCT_BUNDLE_IDENTIFIER = Tabita.miniAppTabitaS;
				PRODUCT_NAME = "$(TARGET_NAME)";
				SWIFT_EMIT_LOC_STRINGS = YES;
				SWIFT_VERSION = 5.0;
				TARGETED_DEVICE_FAMILY = "1,2";
			};
			name = Debug;
		};
		226626F82B8C272B00869B65 /* Release */ = {
			isa = XCBuildConfiguration;
			buildSettings = {
				ASSETCATALOG_COMPILER_APPICON_NAME = AppIcon;
				ASSETCATALOG_COMPILER_GLOBAL_ACCENT_COLOR_NAME = AccentColor;
				CODE_SIGN_STYLE = Automatic;
				CURRENT_PROJECT_VERSION = 1;
				DEVELOPMENT_TEAM = T44788J83Y;
				GENERATE_INFOPLIST_FILE = YES;
				INFOPLIST_FILE = miniAppTabitaS/Info.plist;
				INFOPLIST_KEY_UIApplicationSupportsIndirectInputEvents = YES;
				INFOPLIST_KEY_UILaunchStoryboardName = LaunchScreen;
				INFOPLIST_KEY_UIMainStoryboardFile = Main;
				INFOPLIST_KEY_UISupportedInterfaceOrientations_iPad = "UIInterfaceOrientationPortrait UIInterfaceOrientationPortraitUpsideDown UIInterfaceOrientationLandscapeLeft UIInterfaceOrientationLandscapeRight";
				INFOPLIST_KEY_UISupportedInterfaceOrientations_iPhone = "UIInterfaceOrientationPortrait UIInterfaceOrientationLandscapeLeft UIInterfaceOrientationLandscapeRight";
				LD_RUNPATH_SEARCH_PATHS = (
					"$(inherited)",
					"@executable_path/Frameworks",
				);
				MARKETING_VERSION = 1.0;
				PRODUCT_BUNDLE_IDENTIFIER = Tabita.miniAppTabitaS;
				PRODUCT_NAME = "$(TARGET_NAME)";
				SWIFT_EMIT_LOC_STRINGS = YES;
				SWIFT_VERSION = 5.0;
				TARGETED_DEVICE_FAMILY = "1,2";
			};
			name = Release;
		};
		226626FA2B8C272B00869B65 /* Debug */ = {
			isa = XCBuildConfiguration;
			buildSettings = {
				ALWAYS_EMBED_SWIFT_STANDARD_LIBRARIES = YES;
				BUNDLE_LOADER = "$(TEST_HOST)";
				CODE_SIGN_STYLE = Automatic;
				CURRENT_PROJECT_VERSION = 1;
				DEVELOPMENT_TEAM = T44788J83Y;
				GENERATE_INFOPLIST_FILE = YES;
				IPHONEOS_DEPLOYMENT_TARGET = 17.2;
				MARKETING_VERSION = 1.0;
				PRODUCT_BUNDLE_IDENTIFIER = Tabita.miniAppTabitaSTests;
				PRODUCT_NAME = "$(TARGET_NAME)";
				SWIFT_EMIT_LOC_STRINGS = NO;
				SWIFT_VERSION = 5.0;
				TARGETED_DEVICE_FAMILY = "1,2";
				TEST_HOST = "$(BUILT_PRODUCTS_DIR)/miniAppTabitaS.app/$(BUNDLE_EXECUTABLE_FOLDER_PATH)/miniAppTabitaS";
			};
			name = Debug;
		};
		226626FB2B8C272B00869B65 /* Release */ = {
			isa = XCBuildConfiguration;
			buildSettings = {
				ALWAYS_EMBED_SWIFT_STANDARD_LIBRARIES = YES;
				BUNDLE_LOADER = "$(TEST_HOST)";
				CODE_SIGN_STYLE = Automatic;
				CURRENT_PROJECT_VERSION = 1;
				DEVELOPMENT_TEAM = T44788J83Y;
				GENERATE_INFOPLIST_FILE = YES;
				IPHONEOS_DEPLOYMENT_TARGET = 17.2;
				MARKETING_VERSION = 1.0;
				PRODUCT_BUNDLE_IDENTIFIER = Tabita.miniAppTabitaSTests;
				PRODUCT_NAME = "$(TARGET_NAME)";
				SWIFT_EMIT_LOC_STRINGS = NO;
				SWIFT_VERSION = 5.0;
				TARGETED_DEVICE_FAMILY = "1,2";
				TEST_HOST = "$(BUILT_PRODUCTS_DIR)/miniAppTabitaS.app/$(BUNDLE_EXECUTABLE_FOLDER_PATH)/miniAppTabitaS";
			};
			name = Release;
		};
		226626FD2B8C272B00869B65 /* Debug */ = {
			isa = XCBuildConfiguration;
			buildSettings = {
				ALWAYS_EMBED_SWIFT_STANDARD_LIBRARIES = YES;
				CODE_SIGN_STYLE = Automatic;
				CURRENT_PROJECT_VERSION = 1;
				DEVELOPMENT_TEAM = T44788J83Y;
				GENERATE_INFOPLIST_FILE = YES;
				MARKETING_VERSION = 1.0;
				PRODUCT_BUNDLE_IDENTIFIER = Tabita.miniAppTabitaSUITests;
				PRODUCT_NAME = "$(TARGET_NAME)";
				SWIFT_EMIT_LOC_STRINGS = NO;
				SWIFT_VERSION = 5.0;
				TARGETED_DEVICE_FAMILY = "1,2";
				TEST_TARGET_NAME = miniAppTabitaS;
			};
			name = Debug;
		};
		226626FE2B8C272B00869B65 /* Release */ = {
			isa = XCBuildConfiguration;
			buildSettings = {
				ALWAYS_EMBED_SWIFT_STANDARD_LIBRARIES = YES;
				CODE_SIGN_STYLE = Automatic;
				CURRENT_PROJECT_VERSION = 1;
				DEVELOPMENT_TEAM = T44788J83Y;
				GENERATE_INFOPLIST_FILE = YES;
				MARKETING_VERSION = 1.0;
				PRODUCT_BUNDLE_IDENTIFIER = Tabita.miniAppTabitaSUITests;
				PRODUCT_NAME = "$(TARGET_NAME)";
				SWIFT_EMIT_LOC_STRINGS = NO;
				SWIFT_VERSION = 5.0;
				TARGETED_DEVICE_FAMILY = "1,2";
				TEST_TARGET_NAME = miniAppTabitaS;
			};
			name = Release;
		};
/* End XCBuildConfiguration section */

/* Begin XCConfigurationList section */
		226626C72B8C272A00869B65 /* Build configuration list for PBXProject "miniAppTabitaS" */ = {
			isa = XCConfigurationList;
			buildConfigurations = (
				226626F42B8C272B00869B65 /* Debug */,
				226626F52B8C272B00869B65 /* Release */,
			);
			defaultConfigurationIsVisible = 0;
			defaultConfigurationName = Release;
		};
		226626F62B8C272B00869B65 /* Build configuration list for PBXNativeTarget "miniAppTabitaS" */ = {
			isa = XCConfigurationList;
			buildConfigurations = (
				226626F72B8C272B00869B65 /* Debug */,
				226626F82B8C272B00869B65 /* Release */,
			);
			defaultConfigurationIsVisible = 0;
			defaultConfigurationName = Release;
		};
		226626F92B8C272B00869B65 /* Build configuration list for PBXNativeTarget "miniAppTabitaSTests" */ = {
			isa = XCConfigurationList;
			buildConfigurations = (
				226626FA2B8C272B00869B65 /* Debug */,
				226626FB2B8C272B00869B65 /* Release */,
			);
			defaultConfigurationIsVisible = 0;
			defaultConfigurationName = Release;
		};
		226626FC2B8C272B00869B65 /* Build configuration list for PBXNativeTarget "miniAppTabitaSUITests" */ = {
			isa = XCConfigurationList;
			buildConfigurations = (
				226626FD2B8C272B00869B65 /* Debug */,
				226626FE2B8C272B00869B65 /* Release */,
			);
			defaultConfigurationIsVisible = 0;
			defaultConfigurationName = Release;
		};
/* End XCConfigurationList section */
	};
	rootObject = 226626C42B8C272A00869B65 /* Project object */;
}
